
Microsoft Visual Studio Solution File, Format Version 12.00
# Visual Studio Version 17
VisualStudioVersion = 17.5.002.0
MinimumVisualStudioVersion = 10.0.40219.1
Project("{9A19103F-16F7-4668-BE54-9A1E7A4F7556}") = "Nghien_Nhua", "Nghien_Nhua.csproj", "{AC557F32-B64D-4409-BFF5-6E3256CA07AD}"
EndProject
Global
	GlobalSection(SolutionConfigurationPlatforms) = preSolution
		Debug|Any CPU = Debug|Any CPU
		Release|Any CPU = Release|Any CPU
	EndGlobalSection
	GlobalSection(ProjectConfigurationPlatforms) = postSolution
		{AC557F32-B64D-4409-BFF5-6E3256CA07AD}.Debug|Any CPU.ActiveCfg = Debug|Any CPU
		{AC557F32-B64D-4409-BFF5-6E3256CA07AD}.Debug|Any CPU.Build.0 = Debug|Any CPU
		{AC557F32-B64D-4409-BFF5-6E3256CA07AD}.Release|Any CPU.ActiveCfg = Release|Any CPU
		{AC557F32-B64D-4409-BFF5-6E3256CA07AD}.Release|Any CPU.Build.0 = Release|Any CPU
	EndGlobalSection
	GlobalSection(SolutionProperties) = preSolution
		HideSolutionNode = FALSE
	EndGlobalSection
	GlobalSection(ExtensibilityGlobals) = postSolution
		SolutionGuid = {8AC5980B-B5DE-43F6-9E00-1441DFCA20C2}
	EndGlobalSection
EndGlobal
